
Microsoft Visual Studio Solution File, Format Version 11.00
# Visual Studio 2010
Project("{FAE04EC0-301F-11D3-BF4B-00C04F79EFBC}") = "Hoolamundo", "Hoolamundo\Hoolamundo.csproj", "{997A733E-782D-453D-B38E-467B61F30DFD}"
EndProject
Global
	GlobalSection(SolutionConfigurationPlatforms) = preSolution
		Debug|x86 = Debug|x86
		Release|x86 = Release|x86
	EndGlobalSection
	GlobalSection(ProjectConfigurationPlatforms) = postSolution
		{997A733E-782D-453D-B38E-467B61F30DFD}.Debug|x86.ActiveCfg = Debug|x86
		{997A733E-782D-453D-B38E-467B61F30DFD}.Debug|x86.Build.0 = Debug|x86
		{997A733E-782D-453D-B38E-467B61F30DFD}.Release|x86.ActiveCfg = Release|x86
		{997A733E-782D-453D-B38E-467B61F30DFD}.Release|x86.Build.0 = Release|x86
	EndGlobalSection
	GlobalSection(MonoDevelopProperties) = preSolution
		StartupItem = Hoolamundo\Hoolamundo.csproj
	EndGlobalSection
EndGlobal
